// !$*UTF8*$!
{
	archiveVersion = 1;
	classes = {
	};
	objectVersion = 46;
	objects = {

/* Begin PBXBuildFile section */
		03A6D2651E2995F900F89652 /* AppDelegate.swift in Sources */ = {isa = PBXBuildFile; fileRef = 03A6D2641E2995F900F89652 /* AppDelegate.swift */; };
		03A6D26C1E2995F900F89652 /* Assets.xcassets in Resources */ = {isa = PBXBuildFile; fileRef = 03A6D26B1E2995F900F89652 /* Assets.xcassets */; };
		03A6D26F1E2995F900F89652 /* LaunchScreen.storyboard in Resources */ = {isa = PBXBuildFile; fileRef = 03A6D26D1E2995F900F89652 /* LaunchScreen.storyboard */; };
		03A6D2771E29981200F89652 /* TakePhotoViewController.swift in Sources */ = {isa = PBXBuildFile; fileRef = 03A6D2761E29981200F89652 /* TakePhotoViewController.swift */; };
		03A6D27B1E299B1900F89652 /* Crop.swift in Sources */ = {isa = PBXBuildFile; fileRef = 03A6D27A1E299B1900F89652 /* Crop.swift */; };
		03A6D2801E29A03500F89652 /* ImagePickerExtensions.swift in Sources */ = {isa = PBXBuildFile; fileRef = 03A6D27D1E29A03500F89652 /* ImagePickerExtensions.swift */; };
		03A6D2811E29A03500F89652 /* UIImageExtensions.swift in Sources */ = {isa = PBXBuildFile; fileRef = 03A6D27E1E29A03500F89652 /* UIImageExtensions.swift */; };
		03A6D2821E29A03500F89652 /* UIViewExtensions.swift in Sources */ = {isa = PBXBuildFile; fileRef = 03A6D27F1E29A03500F89652 /* UIViewExtensions.swift */; };
		03A6D2841E29A77300F89652 /* OptionalExtensions.swift in Sources */ = {isa = PBXBuildFile; fileRef = 03A6D2831E29A77300F89652 /* OptionalExtensions.swift */; };
		03A6D2861E29ABE000F89652 /* EditPhotoViewController.swift in Sources */ = {isa = PBXBuildFile; fileRef = 03A6D2851E29ABE000F89652 /* EditPhotoViewController.swift */; };
		03A6D28A1E29AFEB00F89652 /* OverlayView.m in Sources */ = {isa = PBXBuildFile; fileRef = 03A6D2891E29AFEB00F89652 /* OverlayView.m */; };
		03A6D28D1E29B15D00F89652 /* BaseCollectionViewCell.swift in Sources */ = {isa = PBXBuildFile; fileRef = 03A6D28C1E29B15D00F89652 /* BaseCollectionViewCell.swift */; };
		03A6D2901E29BC0400F89652 /* UIImage+Rotation.m in Sources */ = {isa = PBXBuildFile; fileRef = 03A6D28F1E29BC0400F89652 /* UIImage+Rotation.m */; };
		03A6D2921E29BD1F00F89652 /* ShareViewController.swift in Sources */ = {isa = PBXBuildFile; fileRef = 03A6D2911E29BD1F00F89652 /* ShareViewController.swift */; };
		3FAC77AEF7A064278F1B8B53 /* Pods_Cupcakegram.framework in Frameworks */ = {isa = PBXBuildFile; fileRef = 695B93DF3AF5EE139DFBDEB0 /* Pods_Cupcakegram.framework */; };
/* End PBXBuildFile section */

/* Begin PBXFileReference section */
		03A6D2611E2995F900F89652 /* Cupcakegram.app */ = {isa = PBXFileReference; explicitFileType = wrapper.application; includeInIndex = 0; path = Cupcakegram.app; sourceTree = BUILT_PRODUCTS_DIR; };
		03A6D2641E2995F900F89652 /* AppDelegate.swift */ = {isa = PBXFileReference; lastKnownFileType = sourcecode.swift; path = AppDelegate.swift; sourceTree = "<group>"; };
		03A6D26B1E2995F900F89652 /* Assets.xcassets */ = {isa = PBXFileReference; lastKnownFileType = folder.assetcatalog; path = Assets.xcassets; sourceTree = "<group>"; };
		03A6D26E1E2995F900F89652 /* Base */ = {isa = PBXFileReference; lastKnownFileType = file.storyboard; name = Base; path = Base.lproj/LaunchScreen.storyboard; sourceTree = "<group>"; };
		03A6D2701E2995F900F89652 /* Info.plist */ = {isa = PBXFileReference; lastKnownFileType = text.plist.xml; path = Info.plist; sourceTree = "<group>"; };
		03A6D2761E29981200F89652 /* TakePhotoViewController.swift */ = {isa = PBXFileReference; fileEncoding = 4; lastKnownFileType = sourcecode.swift; path = TakePhotoViewController.swift; sourceTree = "<group>"; };
		03A6D27A1E299B1900F89652 /* Crop.swift */ = {isa = PBXFileReference; fileEncoding = 4; lastKnownFileType = sourcecode.swift; path = Crop.swift; sourceTree = "<group>"; };
		03A6D27D1E29A03500F89652 /* ImagePickerExtensions.swift */ = {isa = PBXFileReference; fileEncoding = 4; lastKnownFileType = sourcecode.swift; path = ImagePickerExtensions.swift; sourceTree = "<group>"; };
		03A6D27E1E29A03500F89652 /* UIImageExtensions.swift */ = {isa = PBXFileReference; fileEncoding = 4; lastKnownFileType = sourcecode.swift; path = UIImageExtensions.swift; sourceTree = "<group>"; };
		03A6D27F1E29A03500F89652 /* UIViewExtensions.swift */ = {isa = PBXFileReference; fileEncoding = 4; lastKnownFileType = sourcecode.swift; path = UIViewExtensions.swift; sourceTree = "<group>"; };
		03A6D2831E29A77300F89652 /* OptionalExtensions.swift */ = {isa = PBXFileReference; fileEncoding = 4; lastKnownFileType = sourcecode.swift; path = OptionalExtensions.swift; sourceTree = "<group>"; };
		03A6D2851E29ABE000F89652 /* EditPhotoViewController.swift */ = {isa = PBXFileReference; fileEncoding = 4; lastKnownFileType = sourcecode.swift; path = EditPhotoViewController.swift; sourceTree = "<group>"; };
		03A6D2871E29AFEB00F89652 /* Cupcakegram-Bridging-Header.h */ = {isa = PBXFileReference; lastKnownFileType = sourcecode.c.h; path = "Cupcakegram-Bridging-Header.h"; sourceTree = "<group>"; };
		03A6D2881E29AFEB00F89652 /* OverlayView.h */ = {isa = PBXFileReference; fileEncoding = 4; lastKnownFileType = sourcecode.c.h; path = OverlayView.h; sourceTree = "<group>"; };
		03A6D2891E29AFEB00F89652 /* OverlayView.m */ = {isa = PBXFileReference; fileEncoding = 4; lastKnownFileType = sourcecode.c.objc; path = OverlayView.m; sourceTree = "<group>"; };
		03A6D28C1E29B15D00F89652 /* BaseCollectionViewCell.swift */ = {isa = PBXFileReference; fileEncoding = 4; lastKnownFileType = sourcecode.swift; path = BaseCollectionViewCell.swift; sourceTree = "<group>"; };
		03A6D28E1E29BBF000F89652 /* UIImage+Rotation.h */ = {isa = PBXFileReference; lastKnownFileType = sourcecode.c.h; path = "UIImage+Rotation.h"; sourceTree = "<group>"; };
		03A6D28F1E29BC0400F89652 /* UIImage+Rotation.m */ = {isa = PBXFileReference; fileEncoding = 4; lastKnownFileType = sourcecode.c.objc; path = "UIImage+Rotation.m"; sourceTree = "<group>"; };
		03A6D2911E29BD1F00F89652 /* ShareViewController.swift */ = {isa = PBXFileReference; fileEncoding = 4; lastKnownFileType = sourcecode.swift; path = ShareViewController.swift; sourceTree = "<group>"; };
		3D013D186C39C92B5148242B /* Pods-Cupcakegram.release.xcconfig */ = {isa = PBXFileReference; includeInIndex = 1; lastKnownFileType = text.xcconfig; name = "Pods-Cupcakegram.release.xcconfig"; path = "Pods/Target Support Files/Pods-Cupcakegram/Pods-Cupcakegram.release.xcconfig"; sourceTree = "<group>"; };
		695B93DF3AF5EE139DFBDEB0 /* Pods_Cupcakegram.framework */ = {isa = PBXFileReference; explicitFileType = wrapper.framework; includeInIndex = 0; path = Pods_Cupcakegram.framework; sourceTree = BUILT_PRODUCTS_DIR; };
		D63A6EDB10EC88026B39BAEC /* Pods-Cupcakegram.debug.xcconfig */ = {isa = PBXFileReference; includeInIndex = 1; lastKnownFileType = text.xcconfig; name = "Pods-Cupcakegram.debug.xcconfig"; path = "Pods/Target Support Files/Pods-Cupcakegram/Pods-Cupcakegram.debug.xcconfig"; sourceTree = "<group>"; };
/* End PBXFileReference section */

/* Begin PBXFrameworksBuildPhase section */
		03A6D25E1E2995F800F89652 /* Frameworks */ = {
			isa = PBXFrameworksBuildPhase;
			buildActionMask = 2147483647;
			files = (
				3FAC77AEF7A064278F1B8B53 /* Pods_Cupcakegram.framework in Frameworks */,
			);
			runOnlyForDeploymentPostprocessing = 0;
		};
/* End PBXFrameworksBuildPhase section */

/* Begin PBXGroup section */
		03A6D2581E2995F800F89652 = {
			isa = PBXGroup;
			children = (
				03A6D2631E2995F900F89652 /* Cupcakegram */,
				03A6D2621E2995F900F89652 /* Products */,
				EDE6402725A1DC62BE47801C /* Pods */,
				2FEBBC923CCCAD6AAC28A2A4 /* Frameworks */,
			);
			sourceTree = "<group>";
		};
		03A6D2621E2995F900F89652 /* Products */ = {
			isa = PBXGroup;
			children = (
				03A6D2611E2995F900F89652 /* Cupcakegram.app */,
			);
			name = Products;
			sourceTree = "<group>";
		};
		03A6D2631E2995F900F89652 /* Cupcakegram */ = {
			isa = PBXGroup;
			children = (
				03A6D2641E2995F900F89652 /* AppDelegate.swift */,
				03A6D28B1E29B14300F89652 /* Bases */,
				03A6D27C1E29A02800F89652 /* Extensions */,
				03A6D2791E299B0400F89652 /* Views */,
				03A6D2781E299AF500F89652 /* ViewControllers */,
				03A6D26B1E2995F900F89652 /* Assets.xcassets */,
				03A6D26D1E2995F900F89652 /* LaunchScreen.storyboard */,
				03A6D2701E2995F900F89652 /* Info.plist */,
				03A6D2871E29AFEB00F89652 /* Cupcakegram-Bridging-Header.h */,
			);
			path = Cupcakegram;
			sourceTree = "<group>";
		};
		03A6D2781E299AF500F89652 /* ViewControllers */ = {
			isa = PBXGroup;
			children = (
				03A6D2761E29981200F89652 /* TakePhotoViewController.swift */,
				03A6D2851E29ABE000F89652 /* EditPhotoViewController.swift */,
				03A6D2911E29BD1F00F89652 /* ShareViewController.swift */,
			);
			name = ViewControllers;
			sourceTree = "<group>";
		};
		03A6D2791E299B0400F89652 /* Views */ = {
			isa = PBXGroup;
			children = (
				03A6D2881E29AFEB00F89652 /* OverlayView.h */,
				03A6D2891E29AFEB00F89652 /* OverlayView.m */,
				03A6D27A1E299B1900F89652 /* Crop.swift */,
				03A6D28E1E29BBF000F89652 /* UIImage+Rotation.h */,
				03A6D28F1E29BC0400F89652 /* UIImage+Rotation.m */,
			);
			name = Views;
			sourceTree = "<group>";
		};
		03A6D27C1E29A02800F89652 /* Extensions */ = {
			isa = PBXGroup;
			children = (
				03A6D2831E29A77300F89652 /* OptionalExtensions.swift */,
				03A6D27D1E29A03500F89652 /* ImagePickerExtensions.swift */,
				03A6D27E1E29A03500F89652 /* UIImageExtensions.swift */,
				03A6D27F1E29A03500F89652 /* UIViewExtensions.swift */,
			);
			name = Extensions;
			sourceTree = "<group>";
		};
		03A6D28B1E29B14300F89652 /* Bases */ = {
			isa = PBXGroup;
			children = (
				03A6D28C1E29B15D00F89652 /* BaseCollectionViewCell.swift */,
			);
			name = Bases;
			sourceTree = "<group>";
		};
		2FEBBC923CCCAD6AAC28A2A4 /* Frameworks */ = {
			isa = PBXGroup;
			children = (
				695B93DF3AF5EE139DFBDEB0 /* Pods_Cupcakegram.framework */,
			);
			name = Frameworks;
			sourceTree = "<group>";
		};
		EDE6402725A1DC62BE47801C /* Pods */ = {
			isa = PBXGroup;
			children = (
				D63A6EDB10EC88026B39BAEC /* Pods-Cupcakegram.debug.xcconfig */,
				3D013D186C39C92B5148242B /* Pods-Cupcakegram.release.xcconfig */,
			);
			name = Pods;
			sourceTree = "<group>";
		};
/* End PBXGroup section */

/* Begin PBXNativeTarget section */
		03A6D2601E2995F800F89652 /* Cupcakegram */ = {
			isa = PBXNativeTarget;
			buildConfigurationList = 03A6D2731E2995F900F89652 /* Build configuration list for PBXNativeTarget "Cupcakegram" */;
			buildPhases = (
				B2C1CC5145FB01076031AE1E /* [CP] Check Pods Manifest.lock */,
				03A6D25D1E2995F800F89652 /* Sources */,
				03A6D25E1E2995F800F89652 /* Frameworks */,
				03A6D25F1E2995F800F89652 /* Resources */,
				A6D2704FA5231FEC5EBFFD78 /* [CP] Embed Pods Frameworks */,
				27CC3FD49344A204C3B823EE /* [CP] Copy Pods Resources */,
			);
			buildRules = (
			);
			dependencies = (
			);
			name = Cupcakegram;
			productName = Cupcakegram;
			productReference = 03A6D2611E2995F900F89652 /* Cupcakegram.app */;
			productType = "com.apple.product-type.application";
		};
/* End PBXNativeTarget section */

/* Begin PBXProject section */
		03A6D2591E2995F800F89652 /* Project object */ = {
			isa = PBXProject;
			attributes = {
				LastSwiftUpdateCheck = 0820;
				LastUpgradeCheck = 0820;
				ORGANIZATIONNAME = RokkinCat;
				TargetAttributes = {
					03A6D2601E2995F800F89652 = {
						CreatedOnToolsVersion = 8.2.1;
						DevelopmentTeam = WPBN76YKX2;
						LastSwiftMigration = 0820;
						ProvisioningStyle = Automatic;
					};
				};
			};
			buildConfigurationList = 03A6D25C1E2995F800F89652 /* Build configuration list for PBXProject "Cupcakegram" */;
			compatibilityVersion = "Xcode 3.2";
			developmentRegion = English;
			hasScannedForEncodings = 0;
			knownRegions = (
				en,
				Base,
			);
			mainGroup = 03A6D2581E2995F800F89652;
			productRefGroup = 03A6D2621E2995F900F89652 /* Products */;
			projectDirPath = "";
			projectRoot = "";
			targets = (
				03A6D2601E2995F800F89652 /* Cupcakegram */,
			);
		};
/* End PBXProject section */

/* Begin PBXResourcesBuildPhase section */
		03A6D25F1E2995F800F89652 /* Resources */ = {
			isa = PBXResourcesBuildPhase;
			buildActionMask = 2147483647;
			files = (
				03A6D26F1E2995F900F89652 /* LaunchScreen.storyboard in Resources */,
				03A6D26C1E2995F900F89652 /* Assets.xcassets in Resources */,
			);
			runOnlyForDeploymentPostprocessing = 0;
		};
/* End PBXResourcesBuildPhase section */

/* Begin PBXShellScriptBuildPhase section */
		27CC3FD49344A204C3B823EE /* [CP] Copy Pods Resources */ = {
			isa = PBXShellScriptBuildPhase;
			buildActionMask = 2147483647;
			files = (
			);
			inputPaths = (
			);
			name = "[CP] Copy Pods Resources";
			outputPaths = (
			);
			runOnlyForDeploymentPostprocessing = 0;
			shellPath = /bin/sh;
			shellScript = "\"${SRCROOT}/Pods/Target Support Files/Pods-Cupcakegram/Pods-Cupcakegram-resources.sh\"\n";
			showEnvVarsInLog = 0;
		};
		A6D2704FA5231FEC5EBFFD78 /* [CP] Embed Pods Frameworks */ = {
			isa = PBXShellScriptBuildPhase;
			buildActionMask = 2147483647;
			files = (
			);
			inputPaths = (
			);
			name = "[CP] Embed Pods Frameworks";
			outputPaths = (
			);
			runOnlyForDeploymentPostprocessing = 0;
			shellPath = /bin/sh;
			shellScript = "\"${SRCROOT}/Pods/Target Support Files/Pods-Cupcakegram/Pods-Cupcakegram-frameworks.sh\"\n";
			showEnvVarsInLog = 0;
		};
		B2C1CC5145FB01076031AE1E /* [CP] Check Pods Manifest.lock */ = {
			isa = PBXShellScriptBuildPhase;
			buildActionMask = 2147483647;
			files = (
			);
			inputPaths = (
			);
			name = "[CP] Check Pods Manifest.lock";
			outputPaths = (
			);
			runOnlyForDeploymentPostprocessing = 0;
			shellPath = /bin/sh;
			shellScript = "diff \"${PODS_ROOT}/../Podfile.lock\" \"${PODS_ROOT}/Manifest.lock\" > /dev/null\nif [ $? != 0 ] ; then\n    # print error to STDERR\n    echo \"error: The sandbox is not in sync with the Podfile.lock. Run 'pod install' or update your CocoaPods installation.\" >&2\n    exit 1\nfi\n";
			showEnvVarsInLog = 0;
		};
/* End PBXShellScriptBuildPhase section */

/* Begin PBXSourcesBuildPhase section */
		03A6D25D1E2995F800F89652 /* Sources */ = {
			isa = PBXSourcesBuildPhase;
			buildActionMask = 2147483647;
			files = (
				03A6D2901E29BC0400F89652 /* UIImage+Rotation.m in Sources */,
				03A6D27B1E299B1900F89652 /* Crop.swift in Sources */,
				03A6D2651E2995F900F89652 /* AppDelegate.swift in Sources */,
				03A6D2841E29A77300F89652 /* OptionalExtensions.swift in Sources */,
				03A6D2811E29A03500F89652 /* UIImageExtensions.swift in Sources */,
				03A6D2771E29981200F89652 /* TakePhotoViewController.swift in Sources */,
				03A6D2921E29BD1F00F89652 /* ShareViewController.swift in Sources */,
				03A6D28D1E29B15D00F89652 /* BaseCollectionViewCell.swift in Sources */,
				03A6D2821E29A03500F89652 /* UIViewExtensions.swift in Sources */,
				03A6D2801E29A03500F89652 /* ImagePickerExtensions.swift in Sources */,
				03A6D28A1E29AFEB00F89652 /* OverlayView.m in Sources */,
				03A6D2861E29ABE000F89652 /* EditPhotoViewController.swift in Sources */,
			);
			runOnlyForDeploymentPostprocessing = 0;
		};
/* End PBXSourcesBuildPhase section */

/* Begin PBXVariantGroup section */
		03A6D26D1E2995F900F89652 /* LaunchScreen.storyboard */ = {
			isa = PBXVariantGroup;
			children = (
				03A6D26E1E2995F900F89652 /* Base */,
			);
			name = LaunchScreen.storyboard;
			sourceTree = "<group>";
		};
/* End PBXVariantGroup section */

/* Begin XCBuildConfiguration section */
		03A6D2711E2995F900F89652 /* Debug */ = {
			isa = XCBuildConfiguration;
			buildSettings = {
				ALWAYS_SEARCH_USER_PATHS = NO;
				CLANG_ANALYZER_NONNULL = YES;
				CLANG_CXX_LANGUAGE_STANDARD = "gnu++0x";
				CLANG_CXX_LIBRARY = "libc++";
				CLANG_ENABLE_MODULES = YES;
				CLANG_ENABLE_OBJC_ARC = YES;
				CLANG_WARN_BOOL_CONVERSION = YES;
				CLANG_WARN_CONSTANT_CONVERSION = YES;
				CLANG_WARN_DIRECT_OBJC_ISA_USAGE = YES_ERROR;
				CLANG_WARN_DOCUMENTATION_COMMENTS = YES;
				CLANG_WARN_EMPTY_BODY = YES;
				CLANG_WARN_ENUM_CONVERSION = YES;
				CLANG_WARN_INFINITE_RECURSION = YES;
				CLANG_WARN_INT_CONVERSION = YES;
				CLANG_WARN_OBJC_ROOT_CLASS = YES_ERROR;
				CLANG_WARN_SUSPICIOUS_MOVE = YES;
				CLANG_WARN_UNREACHABLE_CODE = YES;
				CLANG_WARN__DUPLICATE_METHOD_MATCH = YES;
				"CODE_SIGN_IDENTITY[sdk=iphoneos*]" = "iPhone Developer";
				COPY_PHASE_STRIP = NO;
				DEBUG_INFORMATION_FORMAT = dwarf;
				ENABLE_STRICT_OBJC_MSGSEND = YES;
				ENABLE_TESTABILITY = YES;
				GCC_C_LANGUAGE_STANDARD = gnu99;
				GCC_DYNAMIC_NO_PIC = NO;
				GCC_NO_COMMON_BLOCKS = YES;
				GCC_OPTIMIZATION_LEVEL = 0;
				GCC_PREPROCESSOR_DEFINITIONS = (
					"DEBUG=1",
					"$(inherited)",
				);
				GCC_WARN_64_TO_32_BIT_CONVERSION = YES;
				GCC_WARN_ABOUT_RETURN_TYPE = YES_ERROR;
				GCC_WARN_UNDECLARED_SELECTOR = YES;
				GCC_WARN_UNINITIALIZED_AUTOS = YES_AGGRESSIVE;
				GCC_WARN_UNUSED_FUNCTION = YES;
				GCC_WARN_UNUSED_VARIABLE = YES;
				IPHONEOS_DEPLOYMENT_TARGET = 10.2;
				MTL_ENABLE_DEBUG_INFO = YES;
				ONLY_ACTIVE_ARCH = YES;
				SDKROOT = iphoneos;
				SWIFT_ACTIVE_COMPILATION_CONDITIONS = DEBUG;
				SWIFT_OPTIMIZATION_LEVEL = "-Onone";
				TARGETED_DEVICE_FAMILY = "1,2";
			};
			name = Debug;
		};
		03A6D2721E2995F900F89652 /* Release */ = {
			isa = XCBuildConfiguration;
			buildSettings = {
				ALWAYS_SEARCH_USER_PATHS = NO;
				CLANG_ANALYZER_NONNULL = YES;
				CLANG_CXX_LANGUAGE_STANDARD = "gnu++0x";
				CLANG_CXX_LIBRARY = "libc++";
				CLANG_ENABLE_MODULES = YES;
				CLANG_ENABLE_OBJC_ARC = YES;
				CLANG_WARN_BOOL_CONVERSION = YES;
				CLANG_WARN_CONSTANT_CONVERSION = YES;
				CLANG_WARN_DIRECT_OBJC_ISA_USAGE = YES_ERROR;
				CLANG_WARN_DOCUMENTATION_COMMENTS = YES;
				CLANG_WARN_EMPTY_BODY = YES;
				CLANG_WARN_ENUM_CONVERSION = YES;
				CLANG_WARN_INFINITE_RECURSION = YES;
				CLANG_WARN_INT_CONVERSION = YES;
				CLANG_WARN_OBJC_ROOT_CLASS = YES_ERROR;
				CLANG_WARN_SUSPICIOUS_MOVE = YES;
				CLANG_WARN_UNREACHABLE_CODE = YES;
				CLANG_WARN__DUPLICATE_METHOD_MATCH = YES;
				"CODE_SIGN_IDENTITY[sdk=iphoneos*]" = "iPhone Developer";
				COPY_PHASE_STRIP = NO;
				DEBUG_INFORMATION_FORMAT = "dwarf-with-dsym";
				ENABLE_NS_ASSERTIONS = NO;
				ENABLE_STRICT_OBJC_MSGSEND = YES;
				GCC_C_LANGUAGE_STANDARD = gnu99;
				GCC_NO_COMMON_BLOCKS = YES;
				GCC_WARN_64_TO_32_BIT_CONVERSION = YES;
				GCC_WARN_ABOUT_RETURN_TYPE = YES_ERROR;
				GCC_WARN_UNDECLARED_SELECTOR = YES;
				GCC_WARN_UNINITIALIZED_AUTOS = YES_AGGRESSIVE;
				GCC_WARN_UNUSED_FUNCTION = YES;
				GCC_WARN_UNUSED_VARIABLE = YES;
				IPHONEOS_DEPLOYMENT_TARGET = 10.2;
				MTL_ENABLE_DEBUG_INFO = NO;
				SDKROOT = iphoneos;
				SWIFT_OPTIMIZATION_LEVEL = "-Owholemodule";
				TARGETED_DEVICE_FAMILY = "1,2";
				VALIDATE_PRODUCT = YES;
			};
			name = Release;
		};
		03A6D2741E2995F900F89652 /* Debug */ = {
			isa = XCBuildConfiguration;
			baseConfigurationReference = D63A6EDB10EC88026B39BAEC /* Pods-Cupcakegram.debug.xcconfig */;
			buildSettings = {
				ASSETCATALOG_COMPILER_APPICON_NAME = AppIcon;
				CLANG_ENABLE_MODULES = YES;
				DEVELOPMENT_TEAM = WPBN76YKX2;
				INFOPLIST_FILE = Cupcakegram/Info.plist;
				LD_RUNPATH_SEARCH_PATHS = "$(inherited) @executable_path/Frameworks";
				PRODUCT_BUNDLE_IDENTIFIER = com.rokkincat.Cupcakegram;
				PRODUCT_NAME = "$(TARGET_NAME)";
				SWIFT_OBJC_BRIDGING_HEADER = "Cupcakegram/Cupcakegram-Bridging-Header.h";
				SWIFT_OPTIMIZATION_LEVEL = "-Onone";
				SWIFT_VERSION = 3.0;
			};
			name = Debug;
		};
		03A6D2751E2995F900F89652 /* Release */ = {
			isa = XCBuildConfiguration;
			baseConfigurationReference = 3D013D186C39C92B5148242B /* Pods-Cupcakegram.release.xcconfig */;
			buildSettings = {
				ASSETCATALOG_COMPILER_APPICON_NAME = AppIcon;
				CLANG_ENABLE_MODULES = YES;
				DEVELOPMENT_TEAM = WPBN76YKX2;
				INFOPLIST_FILE = Cupcakegram/Info.plist;
				LD_RUNPATH_SEARCH_PATHS = "$(inherited) @executable_path/Frameworks";
				PRODUCT_BUNDLE_IDENTIFIER = com.rokkincat.Cupcakegram;
				PRODUCT_NAME = "$(TARGET_NAME)";
				SWIFT_OBJC_BRIDGING_HEADER = "Cupcakegram/Cupcakegram-Bridging-Header.h";
				SWIFT_VERSION = 3.0;
			};
			name = Release;
		};
/* End XCBuildConfiguration section */

/* Begin XCConfigurationList section */
		03A6D25C1E2995F800F89652 /* Build configuration list for PBXProject "Cupcakegram" */ = {
			isa = XCConfigurationList;
			buildConfigurations = (
				03A6D2711E2995F900F89652 /* Debug */,
				03A6D2721E2995F900F89652 /* Release */,
			);
			defaultConfigurationIsVisible = 0;
			defaultConfigurationName = Release;
		};
		03A6D2731E2995F900F89652 /* Build configuration list for PBXNativeTarget "Cupcakegram" */ = {
			isa = XCConfigurationList;
			buildConfigurations = (
				03A6D2741E2995F900F89652 /* Debug */,
				03A6D2751E2995F900F89652 /* Release */,
			);
			defaultConfigurationIsVisible = 0;
			defaultConfigurationName = Release;
		};
/* End XCConfigurationList section */
	};
	rootObject = 03A6D2591E2995F800F89652 /* Project object */;
}
